
Microsoft Visual Studio Solution File, Format Version 11.00
# Visual Studio 2010
Project("{FAE04EC0-301F-11D3-BF4B-00C04F79EFBC}") = "MassSpecStudio", "MassSpecStudio\MassSpecStudio\MassSpecStudio.csproj", "{22634E60-D05D-494E-839F-8BB4F4439529}"
EndProject
Project("{FAE04EC0-301F-11D3-BF4B-00C04F79EFBC}") = "MassSpecStudio.Modules.StatusBar", "MassSpecStudio\StatusBar\MassSpecStudio.Modules.StatusBar.csproj", "{76FD408C-F17E-41BE-A75F-63EDA0C3F2CF}"
EndProject
Project("{FAE04EC0-301F-11D3-BF4B-00C04F79EFBC}") = "MassSpecStudio.Core", "MassSpecStudio\Core\MassSpecStudio.Core.csproj", "{EAE0C351-7C47-48E3-A4AF-B8395293E171}"
EndProject
Project("{FAE04EC0-301F-11D3-BF4B-00C04F79EFBC}") = "MassSpecStudio.UI.Controls", "MassSpecStudio\Controls\MassSpecStudio.UI.Controls.csproj", "{7ADE092A-D1D1-426A-90D3-C46C01E572E9}"
EndProject
Project("{FAE04EC0-301F-11D3-BF4B-00C04F79EFBC}") = "MassSpecStudio.Modules.Properties", "MassSpecStudio\Properties\MassSpecStudio.Modules.Properties.csproj", "{D9579462-BAAB-4B92-870B-8FD6FC74B919}"
EndProject
Project("{FAE04EC0-301F-11D3-BF4B-00C04F79EFBC}") = "MassSpecStudio.Modules.ExtensionManager", "MassSpecStudio\ExtensionManager\MassSpecStudio.Modules.ExtensionManager.csproj", "{099D2CB0-A232-431D-9F4B-2A901DBD7A10}"
EndProject
Project("{2150E333-8FDC-42A3-9474-1A3956D46DE8}") = "Infrastructure", "Infrastructure", "{1532289F-146E-4AA8-A565-C73AE7F2086D}"
EndProject
Project("{2150E333-8FDC-42A3-9474-1A3956D46DE8}") = "Modules", "Modules", "{4FF07BA8-51D3-46AF-AC8C-3BD4E70DC9A9}"
EndProject
Project("{FAE04EC0-301F-11D3-BF4B-00C04F79EFBC}") = "MassSpecStudio.Composition", "MassSpecStudio\Composition\MassSpecStudio.Composition.csproj", "{390D86C2-5C3F-43F1-A409-261D2079098A}"
EndProject
Project("{2150E333-8FDC-42A3-9474-1A3956D46DE8}") = "Studio", "Studio", "{6C873590-2B74-49D1-AE77-52580E092668}"
EndProject
Project("{2150E333-8FDC-42A3-9474-1A3956D46DE8}") = "Hydra", "Hydra", "{031CBBEE-414C-4B3F-A350-A14A13F2DA03}"
EndProject
Project("{2150E333-8FDC-42A3-9474-1A3956D46DE8}") = "Modules", "Modules", "{B707CD34-1427-451A-94C6-1F39B9ACD36E}"
EndProject
Project("{FAE04EC0-301F-11D3-BF4B-00C04F79EFBC}") = "Hydra.Modules.Project", "Hydra\Project\Hydra.Modules.Project.csproj", "{5C4CB866-22BA-4866-9DBC-B1AA4ECC8FBE}"
EndProject
Project("{2150E333-8FDC-42A3-9474-1A3956D46DE8}") = "Solution Items", "Solution Items", "{CF610AE3-8DDE-4619-BDB8-85E2E3974D7A}"
	ProjectSection(SolutionItems) = preProject
		License.rtf = License.rtf
		Local.testsettings = Local.testsettings
		MassSpecStudio-HDX.FxCop = MassSpecStudio-HDX.FxCop
		MassSpecStudio-HDX.vsmdi = MassSpecStudio-HDX.vsmdi
		..\build\MassSpecStudio.build = ..\build\MassSpecStudio.build
		TraceAndTestImpact.testsettings = TraceAndTestImpact.testsettings
	EndProjectSection
EndProject
Project("{FAE04EC0-301F-11D3-BF4B-00C04F79EFBC}") = "MassSpecStudio.Modules.Project", "MassSpecStudio\Project\MassSpecStudio.Modules.Project.csproj", "{8257F620-2E35-4493-9F9C-7E2C4E440F28}"
EndProject
Project("{FAE04EC0-301F-11D3-BF4B-00C04F79EFBC}") = "Hydra.Core", "Hydra\Core\Hydra.Core.csproj", "{ECD46A02-CE79-4BD8-8B94-D4105C3F53B9}"
EndProject
Project("{2150E333-8FDC-42A3-9474-1A3956D46DE8}") = "Processing", "Processing", "{29A83EE9-9D84-4D62-BB63-D6B05E7EDFFA}"
EndProject
Project("{2150E333-8FDC-42A3-9474-1A3956D46DE8}") = "DataProviders", "DataProviders", "{9023B037-561F-4ED1-A19C-3F5161C121A2}"
EndProject
Project("{2150E333-8FDC-42A3-9474-1A3956D46DE8}") = "Packages", "Packages", "{097FF5C7-DE07-47ED-BD6D-2FDA730C6B30}"
EndProject
Project("{FAE04EC0-301F-11D3-BF4B-00C04F79EFBC}") = "Hydra.Processing.Algorithm", "Hydra\Algorithm\Hydra.Processing.Algorithm.csproj", "{4C5127A4-D354-4016-BD63-226C3957A813}"
EndProject
Project("{FAE04EC0-301F-11D3-BF4B-00C04F79EFBC}") = "DeconTools.MassSpecStudio.Processing", "Processing\DeconTools\DeconTools.MassSpecStudio.Processing.csproj", "{32D87440-24ED-4960-A91F-039872B3CB5C}"
EndProject
Project("{FAE04EC0-301F-11D3-BF4B-00C04F79EFBC}") = "ProteoWizard.MassSpecStudio.DataProvider", "DataProviders\ProteoWizard\ProteoWizard.MassSpecStudio.DataProvider.csproj", "{90DAE4FC-F636-4FBE-98F9-62A88AA1FA46}"
EndProject
Project("{FAE04EC0-301F-11D3-BF4B-00C04F79EFBC}") = "MassSpecStudio.Processing", "MassSpecStudio\Processing\MassSpecStudio.Processing.csproj", "{55DE94B6-F1F1-47D8-A324-8192E8AD5B8C}"
EndProject
Project("{FAE04EC0-301F-11D3-BF4B-00C04F79EFBC}") = "Hydra.DataProvider", "Hydra\DataProvider\Hydra.DataProvider.csproj", "{7DD2F03D-31F4-4B60-99F8-874C0BFE8872}"
EndProject
Project("{FAE04EC0-301F-11D3-BF4B-00C04F79EFBC}") = "Hydra.Modules.Peptides", "Hydra\Peptides\Hydra.Modules.Peptides.csproj", "{E5DECF06-AD03-44D9-8D82-F86A6E6297A4}"
EndProject
Project("{FAE04EC0-301F-11D3-BF4B-00C04F79EFBC}") = "Hydra.Modules.Results", "Hydra\Results\Hydra.Modules.Results.csproj", "{0DBCD443-E52C-4F09-80BA-76AE824F588B}"
EndProject
Project("{FAE04EC0-301F-11D3-BF4B-00C04F79EFBC}") = "MassSpecStudio.Test", "MassSpecStudio\Test\MassSpecStudio.Test.csproj", "{9DCFB40E-E8AE-45C1-B3DC-E942AB72E39D}"
EndProject
Project("{FAE04EC0-301F-11D3-BF4B-00C04F79EFBC}") = "Hydra.Test", "Hydra\Test\Hydra.Test.csproj", "{D83892D3-14DD-42CB-9D9D-BA8B807A0858}"
EndProject
Project("{FAE04EC0-301F-11D3-BF4B-00C04F79EFBC}") = "MassSpecStudio.DataProvider.Test", "DataProviders\Test\MassSpecStudio.DataProvider.Test.csproj", "{A6897E04-5C03-425A-8E74-568DB3495F1B}"
EndProject
Project("{930C7802-8A8C-48F9-8165-68863BCCD9DD}") = "Installer", "Installer\Installer.wixproj", "{CA019BDD-3D27-4745-A962-7611ABF54723}"
EndProject
Project("{FAE04EC0-301F-11D3-BF4B-00C04F79EFBC}") = "Hydra.Modules.Run", "Hydra\Run\Hydra.Modules.Run.csproj", "{4DE8C3DF-0707-488E-8486-07B01F98A194}"
EndProject
Project("{FAE04EC0-301F-11D3-BF4B-00C04F79EFBC}") = "MassSpecStudio.Modules.Output", "MassSpecStudio\Output\MassSpecStudio.Modules.Output.csproj", "{E4E31276-5EDA-4061-8B2F-22D6937EF808}"
EndProject
Project("{FAE04EC0-301F-11D3-BF4B-00C04F79EFBC}") = "DeconTools.MassSpecStudio.Processing.Test", "Processing\DeconToolsTest\DeconTools.MassSpecStudio.Processing.Test.csproj", "{FD8A650C-8A00-48CC-A166-F4F103110A3F}"
EndProject
Project("{FAE04EC0-301F-11D3-BF4B-00C04F79EFBC}") = "Hydra.Modules.Validation", "Hydra\Validation\Hydra.Modules.Validation.csproj", "{81F0B490-CD0D-4B45-BB7A-4FDE447B939D}"
EndProject
Global
	GlobalSection(TestCaseManagementSettings) = postSolution
		CategoryFile = MassSpecStudio-HDX.vsmdi
	EndGlobalSection
	GlobalSection(SolutionConfigurationPlatforms) = preSolution
		Debug|Any CPU = Debug|Any CPU
		Debug|Mixed Platforms = Debug|Mixed Platforms
		Debug|x64 = Debug|x64
		Debug|x86 = Debug|x86
		Release|Any CPU = Release|Any CPU
		Release|Mixed Platforms = Release|Mixed Platforms
		Release|x64 = Release|x64
		Release|x86 = Release|x86
	EndGlobalSection
	GlobalSection(ProjectConfigurationPlatforms) = postSolution
		{22634E60-D05D-494E-839F-8BB4F4439529}.Debug|Any CPU.ActiveCfg = Debug|x86
		{22634E60-D05D-494E-839F-8BB4F4439529}.Debug|Any CPU.Build.0 = Debug|x86
		{22634E60-D05D-494E-839F-8BB4F4439529}.Debug|Mixed Platforms.ActiveCfg = Debug|x86
		{22634E60-D05D-494E-839F-8BB4F4439529}.Debug|Mixed Platforms.Build.0 = Debug|x86
		{22634E60-D05D-494E-839F-8BB4F4439529}.Debug|x64.ActiveCfg = Debug|x64
		{22634E60-D05D-494E-839F-8BB4F4439529}.Debug|x64.Build.0 = Debug|x64
		{22634E60-D05D-494E-839F-8BB4F4439529}.Debug|x86.ActiveCfg = Debug|x86
		{22634E60-D05D-494E-839F-8BB4F4439529}.Debug|x86.Build.0 = Debug|x86
		{22634E60-D05D-494E-839F-8BB4F4439529}.Release|Any CPU.ActiveCfg = Release|x86
		{22634E60-D05D-494E-839F-8BB4F4439529}.Release|Mixed Platforms.ActiveCfg = Release|x86
		{22634E60-D05D-494E-839F-8BB4F4439529}.Release|Mixed Platforms.Build.0 = Release|x86
		{22634E60-D05D-494E-839F-8BB4F4439529}.Release|x64.ActiveCfg = Release|x64
		{22634E60-D05D-494E-839F-8BB4F4439529}.Release|x64.Build.0 = Release|x64
		{22634E60-D05D-494E-839F-8BB4F4439529}.Release|x86.ActiveCfg = Release|x86
		{22634E60-D05D-494E-839F-8BB4F4439529}.Release|x86.Build.0 = Release|x86
		{76FD408C-F17E-41BE-A75F-63EDA0C3F2CF}.Debug|Any CPU.ActiveCfg = Debug|Any CPU
		{76FD408C-F17E-41BE-A75F-63EDA0C3F2CF}.Debug|Any CPU.Build.0 = Debug|Any CPU
		{76FD408C-F17E-41BE-A75F-63EDA0C3F2CF}.Debug|Mixed Platforms.ActiveCfg = Debug|Any CPU
		{76FD408C-F17E-41BE-A75F-63EDA0C3F2CF}.Debug|Mixed Platforms.Build.0 = Debug|Any CPU
		{76FD408C-F17E-41BE-A75F-63EDA0C3F2CF}.Debug|x64.ActiveCfg = Debug|x64
		{76FD408C-F17E-41BE-A75F-63EDA0C3F2CF}.Debug|x64.Build.0 = Debug|x64
		{76FD408C-F17E-41BE-A75F-63EDA0C3F2CF}.Debug|x86.ActiveCfg = Debug|Any CPU
		{76FD408C-F17E-41BE-A75F-63EDA0C3F2CF}.Release|Any CPU.ActiveCfg = Release|Any CPU
		{76FD408C-F17E-41BE-A75F-63EDA0C3F2CF}.Release|Any CPU.Build.0 = Release|Any CPU
		{76FD408C-F17E-41BE-A75F-63EDA0C3F2CF}.Release|Mixed Platforms.ActiveCfg = Release|Any CPU
		{76FD408C-F17E-41BE-A75F-63EDA0C3F2CF}.Release|Mixed Platforms.Build.0 = Release|Any CPU
		{76FD408C-F17E-41BE-A75F-63EDA0C3F2CF}.Release|x64.ActiveCfg = Release|x64
		{76FD408C-F17E-41BE-A75F-63EDA0C3F2CF}.Release|x64.Build.0 = Release|x64
		{76FD408C-F17E-41BE-A75F-63EDA0C3F2CF}.Release|x86.ActiveCfg = Release|Any CPU
		{EAE0C351-7C47-48E3-A4AF-B8395293E171}.Debug|Any CPU.ActiveCfg = Debug|Any CPU
		{EAE0C351-7C47-48E3-A4AF-B8395293E171}.Debug|Any CPU.Build.0 = Debug|Any CPU
		{EAE0C351-7C47-48E3-A4AF-B8395293E171}.Debug|Mixed Platforms.ActiveCfg = Debug|Any CPU
		{EAE0C351-7C47-48E3-A4AF-B8395293E171}.Debug|Mixed Platforms.Build.0 = Debug|Any CPU
		{EAE0C351-7C47-48E3-A4AF-B8395293E171}.Debug|x64.ActiveCfg = Debug|x64
		{EAE0C351-7C47-48E3-A4AF-B8395293E171}.Debug|x64.Build.0 = Debug|x64
		{EAE0C351-7C47-48E3-A4AF-B8395293E171}.Debug|x86.ActiveCfg = Debug|Any CPU
		{EAE0C351-7C47-48E3-A4AF-B8395293E171}.Release|Any CPU.ActiveCfg = Release|Any CPU
		{EAE0C351-7C47-48E3-A4AF-B8395293E171}.Release|Any CPU.Build.0 = Release|Any CPU
		{EAE0C351-7C47-48E3-A4AF-B8395293E171}.Release|Mixed Platforms.ActiveCfg = Release|Any CPU
		{EAE0C351-7C47-48E3-A4AF-B8395293E171}.Release|Mixed Platforms.Build.0 = Release|Any CPU
		{EAE0C351-7C47-48E3-A4AF-B8395293E171}.Release|x64.ActiveCfg = Release|x64
		{EAE0C351-7C47-48E3-A4AF-B8395293E171}.Release|x64.Build.0 = Release|x64
		{EAE0C351-7C47-48E3-A4AF-B8395293E171}.Release|x86.ActiveCfg = Release|Any CPU
		{7ADE092A-D1D1-426A-90D3-C46C01E572E9}.Debug|Any CPU.ActiveCfg = Debug|Any CPU
		{7ADE092A-D1D1-426A-90D3-C46C01E572E9}.Debug|Any CPU.Build.0 = Debug|Any CPU
		{7ADE092A-D1D1-426A-90D3-C46C01E572E9}.Debug|Mixed Platforms.ActiveCfg = Debug|Any CPU
		{7ADE092A-D1D1-426A-90D3-C46C01E572E9}.Debug|Mixed Platforms.Build.0 = Debug|Any CPU
		{7ADE092A-D1D1-426A-90D3-C46C01E572E9}.Debug|x64.ActiveCfg = Debug|x64
		{7ADE092A-D1D1-426A-90D3-C46C01E572E9}.Debug|x64.Build.0 = Debug|x64
		{7ADE092A-D1D1-426A-90D3-C46C01E572E9}.Debug|x86.ActiveCfg = Debug|Any CPU
		{7ADE092A-D1D1-426A-90D3-C46C01E572E9}.Release|Any CPU.ActiveCfg = Release|Any CPU
		{7ADE092A-D1D1-426A-90D3-C46C01E572E9}.Release|Any CPU.Build.0 = Release|Any CPU
		{7ADE092A-D1D1-426A-90D3-C46C01E572E9}.Release|Mixed Platforms.ActiveCfg = Release|Any CPU
		{7ADE092A-D1D1-426A-90D3-C46C01E572E9}.Release|Mixed Platforms.Build.0 = Release|Any CPU
		{7ADE092A-D1D1-426A-90D3-C46C01E572E9}.Release|x64.ActiveCfg = Release|x64
		{7ADE092A-D1D1-426A-90D3-C46C01E572E9}.Release|x64.Build.0 = Release|x64
		{7ADE092A-D1D1-426A-90D3-C46C01E572E9}.Release|x86.ActiveCfg = Release|Any CPU
		{D9579462-BAAB-4B92-870B-8FD6FC74B919}.Debug|Any CPU.ActiveCfg = Debug|Any CPU
		{D9579462-BAAB-4B92-870B-8FD6FC74B919}.Debug|Any CPU.Build.0 = Debug|Any CPU
		{D9579462-BAAB-4B92-870B-8FD6FC74B919}.Debug|Mixed Platforms.ActiveCfg = Debug|Any CPU
		{D9579462-BAAB-4B92-870B-8FD6FC74B919}.Debug|Mixed Platforms.Build.0 = Debug|Any CPU
		{D9579462-BAAB-4B92-870B-8FD6FC74B919}.Debug|x64.ActiveCfg = Debug|x64
		{D9579462-BAAB-4B92-870B-8FD6FC74B919}.Debug|x64.Build.0 = Debug|x64
		{D9579462-BAAB-4B92-870B-8FD6FC74B919}.Debug|x86.ActiveCfg = Debug|Any CPU
		{D9579462-BAAB-4B92-870B-8FD6FC74B919}.Release|Any CPU.ActiveCfg = Release|Any CPU
		{D9579462-BAAB-4B92-870B-8FD6FC74B919}.Release|Any CPU.Build.0 = Release|Any CPU
		{D9579462-BAAB-4B92-870B-8FD6FC74B919}.Release|Mixed Platforms.ActiveCfg = Release|Any CPU
		{D9579462-BAAB-4B92-870B-8FD6FC74B919}.Release|Mixed Platforms.Build.0 = Release|Any CPU
		{D9579462-BAAB-4B92-870B-8FD6FC74B919}.Release|x64.ActiveCfg = Release|x64
		{D9579462-BAAB-4B92-870B-8FD6FC74B919}.Release|x64.Build.0 = Release|x64
		{D9579462-BAAB-4B92-870B-8FD6FC74B919}.Release|x86.ActiveCfg = Release|Any CPU
		{099D2CB0-A232-431D-9F4B-2A901DBD7A10}.Debug|Any CPU.ActiveCfg = Debug|Any CPU
		{099D2CB0-A232-431D-9F4B-2A901DBD7A10}.Debug|Any CPU.Build.0 = Debug|Any CPU
		{099D2CB0-A232-431D-9F4B-2A901DBD7A10}.Debug|Mixed Platforms.ActiveCfg = Debug|Any CPU
		{099D2CB0-A232-431D-9F4B-2A901DBD7A10}.Debug|Mixed Platforms.Build.0 = Debug|Any CPU
		{099D2CB0-A232-431D-9F4B-2A901DBD7A10}.Debug|x64.ActiveCfg = Debug|x64
		{099D2CB0-A232-431D-9F4B-2A901DBD7A10}.Debug|x64.Build.0 = Debug|x64
		{099D2CB0-A232-431D-9F4B-2A901DBD7A10}.Debug|x86.ActiveCfg = Debug|Any CPU
		{099D2CB0-A232-431D-9F4B-2A901DBD7A10}.Release|Any CPU.ActiveCfg = Release|Any CPU
		{099D2CB0-A232-431D-9F4B-2A901DBD7A10}.Release|Any CPU.Build.0 = Release|Any CPU
		{099D2CB0-A232-431D-9F4B-2A901DBD7A10}.Release|Mixed Platforms.ActiveCfg = Release|Any CPU
		{099D2CB0-A232-431D-9F4B-2A901DBD7A10}.Release|Mixed Platforms.Build.0 = Release|Any CPU
		{099D2CB0-A232-431D-9F4B-2A901DBD7A10}.Release|x64.ActiveCfg = Release|x64
		{099D2CB0-A232-431D-9F4B-2A901DBD7A10}.Release|x64.Build.0 = Release|x64
		{099D2CB0-A232-431D-9F4B-2A901DBD7A10}.Release|x86.ActiveCfg = Release|Any CPU
		{390D86C2-5C3F-43F1-A409-261D2079098A}.Debug|Any CPU.ActiveCfg = Debug|Any CPU
		{390D86C2-5C3F-43F1-A409-261D2079098A}.Debug|Any CPU.Build.0 = Debug|Any CPU
		{390D86C2-5C3F-43F1-A409-261D2079098A}.Debug|Mixed Platforms.ActiveCfg = Debug|Any CPU
		{390D86C2-5C3F-43F1-A409-261D2079098A}.Debug|Mixed Platforms.Build.0 = Debug|Any CPU
		{390D86C2-5C3F-43F1-A409-261D2079098A}.Debug|x64.ActiveCfg = Debug|x64
		{390D86C2-5C3F-43F1-A409-261D2079098A}.Debug|x64.Build.0 = Debug|x64
		{390D86C2-5C3F-43F1-A409-261D2079098A}.Debug|x86.ActiveCfg = Debug|Any CPU
		{390D86C2-5C3F-43F1-A409-261D2079098A}.Release|Any CPU.ActiveCfg = Release|Any CPU
		{390D86C2-5C3F-43F1-A409-261D2079098A}.Release|Any CPU.Build.0 = Release|Any CPU
		{390D86C2-5C3F-43F1-A409-261D2079098A}.Release|Mixed Platforms.ActiveCfg = Release|Any CPU
		{390D86C2-5C3F-43F1-A409-261D2079098A}.Release|Mixed Platforms.Build.0 = Release|Any CPU
		{390D86C2-5C3F-43F1-A409-261D2079098A}.Release|x64.ActiveCfg = Release|x64
		{390D86C2-5C3F-43F1-A409-261D2079098A}.Release|x64.Build.0 = Release|x64
		{390D86C2-5C3F-43F1-A409-261D2079098A}.Release|x86.ActiveCfg = Release|Any CPU
		{5C4CB866-22BA-4866-9DBC-B1AA4ECC8FBE}.Debug|Any CPU.ActiveCfg = Debug|Any CPU
		{5C4CB866-22BA-4866-9DBC-B1AA4ECC8FBE}.Debug|Any CPU.Build.0 = Debug|Any CPU
		{5C4CB866-22BA-4866-9DBC-B1AA4ECC8FBE}.Debug|Mixed Platforms.ActiveCfg = Debug|Any CPU
		{5C4CB866-22BA-4866-9DBC-B1AA4ECC8FBE}.Debug|Mixed Platforms.Build.0 = Debug|Any CPU
		{5C4CB866-22BA-4866-9DBC-B1AA4ECC8FBE}.Debug|x64.ActiveCfg = Debug|x64
		{5C4CB866-22BA-4866-9DBC-B1AA4ECC8FBE}.Debug|x64.Build.0 = Debug|x64
		{5C4CB866-22BA-4866-9DBC-B1AA4ECC8FBE}.Debug|x86.ActiveCfg = Debug|Any CPU
		{5C4CB866-22BA-4866-9DBC-B1AA4ECC8FBE}.Release|Any CPU.ActiveCfg = Release|Any CPU
		{5C4CB866-22BA-4866-9DBC-B1AA4ECC8FBE}.Release|Any CPU.Build.0 = Release|Any CPU
		{5C4CB866-22BA-4866-9DBC-B1AA4ECC8FBE}.Release|Mixed Platforms.ActiveCfg = Release|Any CPU
		{5C4CB866-22BA-4866-9DBC-B1AA4ECC8FBE}.Release|Mixed Platforms.Build.0 = Release|Any CPU
		{5C4CB866-22BA-4866-9DBC-B1AA4ECC8FBE}.Release|x64.ActiveCfg = Release|x64
		{5C4CB866-22BA-4866-9DBC-B1AA4ECC8FBE}.Release|x64.Build.0 = Release|x64
		{5C4CB866-22BA-4866-9DBC-B1AA4ECC8FBE}.Release|x86.ActiveCfg = Release|Any CPU
		{8257F620-2E35-4493-9F9C-7E2C4E440F28}.Debug|Any CPU.ActiveCfg = Debug|Any CPU
		{8257F620-2E35-4493-9F9C-7E2C4E440F28}.Debug|Any CPU.Build.0 = Debug|Any CPU
		{8257F620-2E35-4493-9F9C-7E2C4E440F28}.Debug|Mixed Platforms.ActiveCfg = Debug|Any CPU
		{8257F620-2E35-4493-9F9C-7E2C4E440F28}.Debug|Mixed Platforms.Build.0 = Debug|Any CPU
		{8257F620-2E35-4493-9F9C-7E2C4E440F28}.Debug|x64.ActiveCfg = Debug|x64
		{8257F620-2E35-4493-9F9C-7E2C4E440F28}.Debug|x64.Build.0 = Debug|x64
		{8257F620-2E35-4493-9F9C-7E2C4E440F28}.Debug|x86.ActiveCfg = Debug|Any CPU
		{8257F620-2E35-4493-9F9C-7E2C4E440F28}.Release|Any CPU.ActiveCfg = Release|Any CPU
		{8257F620-2E35-4493-9F9C-7E2C4E440F28}.Release|Any CPU.Build.0 = Release|Any CPU
		{8257F620-2E35-4493-9F9C-7E2C4E440F28}.Release|Mixed Platforms.ActiveCfg = Release|Any CPU
		{8257F620-2E35-4493-9F9C-7E2C4E440F28}.Release|Mixed Platforms.Build.0 = Release|Any CPU
		{8257F620-2E35-4493-9F9C-7E2C4E440F28}.Release|x64.ActiveCfg = Release|x64
		{8257F620-2E35-4493-9F9C-7E2C4E440F28}.Release|x64.Build.0 = Release|x64
		{8257F620-2E35-4493-9F9C-7E2C4E440F28}.Release|x86.ActiveCfg = Release|Any CPU
		{ECD46A02-CE79-4BD8-8B94-D4105C3F53B9}.Debug|Any CPU.ActiveCfg = Debug|Any CPU
		{ECD46A02-CE79-4BD8-8B94-D4105C3F53B9}.Debug|Any CPU.Build.0 = Debug|Any CPU
		{ECD46A02-CE79-4BD8-8B94-D4105C3F53B9}.Debug|Mixed Platforms.ActiveCfg = Debug|Any CPU
		{ECD46A02-CE79-4BD8-8B94-D4105C3F53B9}.Debug|Mixed Platforms.Build.0 = Debug|Any CPU
		{ECD46A02-CE79-4BD8-8B94-D4105C3F53B9}.Debug|x64.ActiveCfg = Debug|x64
		{ECD46A02-CE79-4BD8-8B94-D4105C3F53B9}.Debug|x64.Build.0 = Debug|x64
		{ECD46A02-CE79-4BD8-8B94-D4105C3F53B9}.Debug|x86.ActiveCfg = Debug|Any CPU
		{ECD46A02-CE79-4BD8-8B94-D4105C3F53B9}.Release|Any CPU.ActiveCfg = Release|Any CPU
		{ECD46A02-CE79-4BD8-8B94-D4105C3F53B9}.Release|Any CPU.Build.0 = Release|Any CPU
		{ECD46A02-CE79-4BD8-8B94-D4105C3F53B9}.Release|Mixed Platforms.ActiveCfg = Release|Any CPU
		{ECD46A02-CE79-4BD8-8B94-D4105C3F53B9}.Release|Mixed Platforms.Build.0 = Release|Any CPU
		{ECD46A02-CE79-4BD8-8B94-D4105C3F53B9}.Release|x64.ActiveCfg = Release|x64
		{ECD46A02-CE79-4BD8-8B94-D4105C3F53B9}.Release|x64.Build.0 = Release|x64
		{ECD46A02-CE79-4BD8-8B94-D4105C3F53B9}.Release|x86.ActiveCfg = Release|Any CPU
		{4C5127A4-D354-4016-BD63-226C3957A813}.Debug|Any CPU.ActiveCfg = Debug|Any CPU
		{4C5127A4-D354-4016-BD63-226C3957A813}.Debug|Any CPU.Build.0 = Debug|Any CPU
		{4C5127A4-D354-4016-BD63-226C3957A813}.Debug|Mixed Platforms.ActiveCfg = Debug|Any CPU
		{4C5127A4-D354-4016-BD63-226C3957A813}.Debug|Mixed Platforms.Build.0 = Debug|Any CPU
		{4C5127A4-D354-4016-BD63-226C3957A813}.Debug|x64.ActiveCfg = Debug|x64
		{4C5127A4-D354-4016-BD63-226C3957A813}.Debug|x64.Build.0 = Debug|x64
		{4C5127A4-D354-4016-BD63-226C3957A813}.Debug|x86.ActiveCfg = Debug|Any CPU
		{4C5127A4-D354-4016-BD63-226C3957A813}.Release|Any CPU.ActiveCfg = Release|Any CPU
		{4C5127A4-D354-4016-BD63-226C3957A813}.Release|Any CPU.Build.0 = Release|Any CPU
		{4C5127A4-D354-4016-BD63-226C3957A813}.Release|Mixed Platforms.ActiveCfg = Release|Any CPU
		{4C5127A4-D354-4016-BD63-226C3957A813}.Release|Mixed Platforms.Build.0 = Release|Any CPU
		{4C5127A4-D354-4016-BD63-226C3957A813}.Release|x64.ActiveCfg = Release|x64
		{4C5127A4-D354-4016-BD63-226C3957A813}.Release|x64.Build.0 = Release|x64
		{4C5127A4-D354-4016-BD63-226C3957A813}.Release|x86.ActiveCfg = Release|Any CPU
		{32D87440-24ED-4960-A91F-039872B3CB5C}.Debug|Any CPU.ActiveCfg = Debug|Any CPU
		{32D87440-24ED-4960-A91F-039872B3CB5C}.Debug|Any CPU.Build.0 = Debug|Any CPU
		{32D87440-24ED-4960-A91F-039872B3CB5C}.Debug|Mixed Platforms.ActiveCfg = Debug|Any CPU
		{32D87440-24ED-4960-A91F-039872B3CB5C}.Debug|Mixed Platforms.Build.0 = Debug|Any CPU
		{32D87440-24ED-4960-A91F-039872B3CB5C}.Debug|x64.ActiveCfg = Debug|x64
		{32D87440-24ED-4960-A91F-039872B3CB5C}.Debug|x64.Build.0 = Debug|x64
		{32D87440-24ED-4960-A91F-039872B3CB5C}.Debug|x86.ActiveCfg = Debug|Any CPU
		{32D87440-24ED-4960-A91F-039872B3CB5C}.Release|Any CPU.ActiveCfg = Release|Any CPU
		{32D87440-24ED-4960-A91F-039872B3CB5C}.Release|Any CPU.Build.0 = Release|Any CPU
		{32D87440-24ED-4960-A91F-039872B3CB5C}.Release|Mixed Platforms.ActiveCfg = Release|Any CPU
		{32D87440-24ED-4960-A91F-039872B3CB5C}.Release|Mixed Platforms.Build.0 = Release|Any CPU
		{32D87440-24ED-4960-A91F-039872B3CB5C}.Release|x64.ActiveCfg = Release|x64
		{32D87440-24ED-4960-A91F-039872B3CB5C}.Release|x64.Build.0 = Release|x64
		{32D87440-24ED-4960-A91F-039872B3CB5C}.Release|x86.ActiveCfg = Release|Any CPU
		{90DAE4FC-F636-4FBE-98F9-62A88AA1FA46}.Debug|Any CPU.ActiveCfg = Debug|Any CPU
		{90DAE4FC-F636-4FBE-98F9-62A88AA1FA46}.Debug|Any CPU.Build.0 = Debug|Any CPU
		{90DAE4FC-F636-4FBE-98F9-62A88AA1FA46}.Debug|Mixed Platforms.ActiveCfg = Debug|Any CPU
		{90DAE4FC-F636-4FBE-98F9-62A88AA1FA46}.Debug|Mixed Platforms.Build.0 = Debug|Any CPU
		{90DAE4FC-F636-4FBE-98F9-62A88AA1FA46}.Debug|x64.ActiveCfg = Debug|x64
		{90DAE4FC-F636-4FBE-98F9-62A88AA1FA46}.Debug|x64.Build.0 = Debug|x64
		{90DAE4FC-F636-4FBE-98F9-62A88AA1FA46}.Debug|x86.ActiveCfg = Debug|Any CPU
		{90DAE4FC-F636-4FBE-98F9-62A88AA1FA46}.Release|Any CPU.ActiveCfg = Release|Any CPU
		{90DAE4FC-F636-4FBE-98F9-62A88AA1FA46}.Release|Any CPU.Build.0 = Release|Any CPU
		{90DAE4FC-F636-4FBE-98F9-62A88AA1FA46}.Release|Mixed Platforms.ActiveCfg = Release|Any CPU
		{90DAE4FC-F636-4FBE-98F9-62A88AA1FA46}.Release|Mixed Platforms.Build.0 = Release|Any CPU
		{90DAE4FC-F636-4FBE-98F9-62A88AA1FA46}.Release|x64.ActiveCfg = Release|x64
		{90DAE4FC-F636-4FBE-98F9-62A88AA1FA46}.Release|x64.Build.0 = Release|x64
		{90DAE4FC-F636-4FBE-98F9-62A88AA1FA46}.Release|x86.ActiveCfg = Release|Any CPU
		{55DE94B6-F1F1-47D8-A324-8192E8AD5B8C}.Debug|Any CPU.ActiveCfg = Debug|Any CPU
		{55DE94B6-F1F1-47D8-A324-8192E8AD5B8C}.Debug|Any CPU.Build.0 = Debug|Any CPU
		{55DE94B6-F1F1-47D8-A324-8192E8AD5B8C}.Debug|Mixed Platforms.ActiveCfg = Debug|Any CPU
		{55DE94B6-F1F1-47D8-A324-8192E8AD5B8C}.Debug|Mixed Platforms.Build.0 = Debug|Any CPU
		{55DE94B6-F1F1-47D8-A324-8192E8AD5B8C}.Debug|x64.ActiveCfg = Debug|x64
		{55DE94B6-F1F1-47D8-A324-8192E8AD5B8C}.Debug|x64.Build.0 = Debug|x64
		{55DE94B6-F1F1-47D8-A324-8192E8AD5B8C}.Debug|x86.ActiveCfg = Debug|Any CPU
		{55DE94B6-F1F1-47D8-A324-8192E8AD5B8C}.Release|Any CPU.ActiveCfg = Release|Any CPU
		{55DE94B6-F1F1-47D8-A324-8192E8AD5B8C}.Release|Any CPU.Build.0 = Release|Any CPU
		{55DE94B6-F1F1-47D8-A324-8192E8AD5B8C}.Release|Mixed Platforms.ActiveCfg = Release|Any CPU
		{55DE94B6-F1F1-47D8-A324-8192E8AD5B8C}.Release|Mixed Platforms.Build.0 = Release|Any CPU
		{55DE94B6-F1F1-47D8-A324-8192E8AD5B8C}.Release|x64.ActiveCfg = Release|x64
		{55DE94B6-F1F1-47D8-A324-8192E8AD5B8C}.Release|x64.Build.0 = Release|x64
		{55DE94B6-F1F1-47D8-A324-8192E8AD5B8C}.Release|x86.ActiveCfg = Release|Any CPU
		{7DD2F03D-31F4-4B60-99F8-874C0BFE8872}.Debug|Any CPU.ActiveCfg = Debug|Any CPU
		{7DD2F03D-31F4-4B60-99F8-874C0BFE8872}.Debug|Any CPU.Build.0 = Debug|Any CPU
		{7DD2F03D-31F4-4B60-99F8-874C0BFE8872}.Debug|Mixed Platforms.ActiveCfg = Debug|Any CPU
		{7DD2F03D-31F4-4B60-99F8-874C0BFE8872}.Debug|Mixed Platforms.Build.0 = Debug|Any CPU
		{7DD2F03D-31F4-4B60-99F8-874C0BFE8872}.Debug|x64.ActiveCfg = Debug|x64
		{7DD2F03D-31F4-4B60-99F8-874C0BFE8872}.Debug|x64.Build.0 = Debug|x64
		{7DD2F03D-31F4-4B60-99F8-874C0BFE8872}.Debug|x86.ActiveCfg = Debug|Any CPU
		{7DD2F03D-31F4-4B60-99F8-874C0BFE8872}.Release|Any CPU.ActiveCfg = Release|Any CPU
		{7DD2F03D-31F4-4B60-99F8-874C0BFE8872}.Release|Any CPU.Build.0 = Release|Any CPU
		{7DD2F03D-31F4-4B60-99F8-874C0BFE8872}.Release|Mixed Platforms.ActiveCfg = Release|Any CPU
		{7DD2F03D-31F4-4B60-99F8-874C0BFE8872}.Release|Mixed Platforms.Build.0 = Release|Any CPU
		{7DD2F03D-31F4-4B60-99F8-874C0BFE8872}.Release|x64.ActiveCfg = Release|x64
		{7DD2F03D-31F4-4B60-99F8-874C0BFE8872}.Release|x64.Build.0 = Release|x64
		{7DD2F03D-31F4-4B60-99F8-874C0BFE8872}.Release|x86.ActiveCfg = Release|Any CPU
		{E5DECF06-AD03-44D9-8D82-F86A6E6297A4}.Debug|Any CPU.ActiveCfg = Debug|Any CPU
		{E5DECF06-AD03-44D9-8D82-F86A6E6297A4}.Debug|Any CPU.Build.0 = Debug|Any CPU
		{E5DECF06-AD03-44D9-8D82-F86A6E6297A4}.Debug|Mixed Platforms.ActiveCfg = Debug|Any CPU
		{E5DECF06-AD03-44D9-8D82-F86A6E6297A4}.Debug|Mixed Platforms.Build.0 = Debug|Any CPU
		{E5DECF06-AD03-44D9-8D82-F86A6E6297A4}.Debug|x64.ActiveCfg = Debug|x64
		{E5DECF06-AD03-44D9-8D82-F86A6E6297A4}.Debug|x64.Build.0 = Debug|x64
		{E5DECF06-AD03-44D9-8D82-F86A6E6297A4}.Debug|x86.ActiveCfg = Debug|Any CPU
		{E5DECF06-AD03-44D9-8D82-F86A6E6297A4}.Release|Any CPU.ActiveCfg = Release|Any CPU
		{E5DECF06-AD03-44D9-8D82-F86A6E6297A4}.Release|Any CPU.Build.0 = Release|Any CPU
		{E5DECF06-AD03-44D9-8D82-F86A6E6297A4}.Release|Mixed Platforms.ActiveCfg = Release|Any CPU
		{E5DECF06-AD03-44D9-8D82-F86A6E6297A4}.Release|Mixed Platforms.Build.0 = Release|Any CPU
		{E5DECF06-AD03-44D9-8D82-F86A6E6297A4}.Release|x64.ActiveCfg = Release|x64
		{E5DECF06-AD03-44D9-8D82-F86A6E6297A4}.Release|x64.Build.0 = Release|x64
		{E5DECF06-AD03-44D9-8D82-F86A6E6297A4}.Release|x86.ActiveCfg = Release|Any CPU
		{0DBCD443-E52C-4F09-80BA-76AE824F588B}.Debug|Any CPU.ActiveCfg = Debug|Any CPU
		{0DBCD443-E52C-4F09-80BA-76AE824F588B}.Debug|Any CPU.Build.0 = Debug|Any CPU
		{0DBCD443-E52C-4F09-80BA-76AE824F588B}.Debug|Mixed Platforms.ActiveCfg = Debug|Any CPU
		{0DBCD443-E52C-4F09-80BA-76AE824F588B}.Debug|Mixed Platforms.Build.0 = Debug|Any CPU
		{0DBCD443-E52C-4F09-80BA-76AE824F588B}.Debug|x64.ActiveCfg = Debug|x64
		{0DBCD443-E52C-4F09-80BA-76AE824F588B}.Debug|x64.Build.0 = Debug|x64
		{0DBCD443-E52C-4F09-80BA-76AE824F588B}.Debug|x86.ActiveCfg = Debug|Any CPU
		{0DBCD443-E52C-4F09-80BA-76AE824F588B}.Release|Any CPU.ActiveCfg = Release|Any CPU
		{0DBCD443-E52C-4F09-80BA-76AE824F588B}.Release|Any CPU.Build.0 = Release|Any CPU
		{0DBCD443-E52C-4F09-80BA-76AE824F588B}.Release|Mixed Platforms.ActiveCfg = Release|Any CPU
		{0DBCD443-E52C-4F09-80BA-76AE824F588B}.Release|Mixed Platforms.Build.0 = Release|Any CPU
		{0DBCD443-E52C-4F09-80BA-76AE824F588B}.Release|x64.ActiveCfg = Release|x64
		{0DBCD443-E52C-4F09-80BA-76AE824F588B}.Release|x64.Build.0 = Release|x64
		{0DBCD443-E52C-4F09-80BA-76AE824F588B}.Release|x86.ActiveCfg = Release|Any CPU
		{9DCFB40E-E8AE-45C1-B3DC-E942AB72E39D}.Debug|Any CPU.ActiveCfg = Debug|Any CPU
		{9DCFB40E-E8AE-45C1-B3DC-E942AB72E39D}.Debug|Any CPU.Build.0 = Debug|Any CPU
		{9DCFB40E-E8AE-45C1-B3DC-E942AB72E39D}.Debug|Mixed Platforms.ActiveCfg = Debug|Any CPU
		{9DCFB40E-E8AE-45C1-B3DC-E942AB72E39D}.Debug|Mixed Platforms.Build.0 = Debug|Any CPU
		{9DCFB40E-E8AE-45C1-B3DC-E942AB72E39D}.Debug|x64.ActiveCfg = Debug|x64
		{9DCFB40E-E8AE-45C1-B3DC-E942AB72E39D}.Debug|x64.Build.0 = Debug|x64
		{9DCFB40E-E8AE-45C1-B3DC-E942AB72E39D}.Debug|x86.ActiveCfg = Debug|Any CPU
		{9DCFB40E-E8AE-45C1-B3DC-E942AB72E39D}.Release|Any CPU.ActiveCfg = Release|Any CPU
		{9DCFB40E-E8AE-45C1-B3DC-E942AB72E39D}.Release|Any CPU.Build.0 = Release|Any CPU
		{9DCFB40E-E8AE-45C1-B3DC-E942AB72E39D}.Release|Mixed Platforms.ActiveCfg = Release|Any CPU
		{9DCFB40E-E8AE-45C1-B3DC-E942AB72E39D}.Release|Mixed Platforms.Build.0 = Release|Any CPU
		{9DCFB40E-E8AE-45C1-B3DC-E942AB72E39D}.Release|x64.ActiveCfg = Release|x64
		{9DCFB40E-E8AE-45C1-B3DC-E942AB72E39D}.Release|x64.Build.0 = Release|x64
		{9DCFB40E-E8AE-45C1-B3DC-E942AB72E39D}.Release|x86.ActiveCfg = Release|Any CPU
		{D83892D3-14DD-42CB-9D9D-BA8B807A0858}.Debug|Any CPU.ActiveCfg = Debug|Any CPU
		{D83892D3-14DD-42CB-9D9D-BA8B807A0858}.Debug|Any CPU.Build.0 = Debug|Any CPU
		{D83892D3-14DD-42CB-9D9D-BA8B807A0858}.Debug|Mixed Platforms.ActiveCfg = Debug|Any CPU
		{D83892D3-14DD-42CB-9D9D-BA8B807A0858}.Debug|Mixed Platforms.Build.0 = Debug|Any CPU
		{D83892D3-14DD-42CB-9D9D-BA8B807A0858}.Debug|x64.ActiveCfg = Debug|x64
		{D83892D3-14DD-42CB-9D9D-BA8B807A0858}.Debug|x64.Build.0 = Debug|x64
		{D83892D3-14DD-42CB-9D9D-BA8B807A0858}.Debug|x86.ActiveCfg = Debug|Any CPU
		{D83892D3-14DD-42CB-9D9D-BA8B807A0858}.Release|Any CPU.ActiveCfg = Release|Any CPU
		{D83892D3-14DD-42CB-9D9D-BA8B807A0858}.Release|Any CPU.Build.0 = Release|Any CPU
		{D83892D3-14DD-42CB-9D9D-BA8B807A0858}.Release|Mixed Platforms.ActiveCfg = Release|Any CPU
		{D83892D3-14DD-42CB-9D9D-BA8B807A0858}.Release|Mixed Platforms.Build.0 = Release|Any CPU
		{D83892D3-14DD-42CB-9D9D-BA8B807A0858}.Release|x64.ActiveCfg = Release|x64
		{D83892D3-14DD-42CB-9D9D-BA8B807A0858}.Release|x64.Build.0 = Release|x64
		{D83892D3-14DD-42CB-9D9D-BA8B807A0858}.Release|x86.ActiveCfg = Release|Any CPU
		{A6897E04-5C03-425A-8E74-568DB3495F1B}.Debug|Any CPU.ActiveCfg = Debug|Any CPU
		{A6897E04-5C03-425A-8E74-568DB3495F1B}.Debug|Any CPU.Build.0 = Debug|Any CPU
		{A6897E04-5C03-425A-8E74-568DB3495F1B}.Debug|Mixed Platforms.ActiveCfg = Debug|Any CPU
		{A6897E04-5C03-425A-8E74-568DB3495F1B}.Debug|Mixed Platforms.Build.0 = Debug|Any CPU
		{A6897E04-5C03-425A-8E74-568DB3495F1B}.Debug|x64.ActiveCfg = Debug|x64
		{A6897E04-5C03-425A-8E74-568DB3495F1B}.Debug|x64.Build.0 = Debug|x64
		{A6897E04-5C03-425A-8E74-568DB3495F1B}.Debug|x86.ActiveCfg = Debug|Any CPU
		{A6897E04-5C03-425A-8E74-568DB3495F1B}.Release|Any CPU.ActiveCfg = Release|Any CPU
		{A6897E04-5C03-425A-8E74-568DB3495F1B}.Release|Any CPU.Build.0 = Release|Any CPU
		{A6897E04-5C03-425A-8E74-568DB3495F1B}.Release|Mixed Platforms.ActiveCfg = Release|Any CPU
		{A6897E04-5C03-425A-8E74-568DB3495F1B}.Release|Mixed Platforms.Build.0 = Release|Any CPU
		{A6897E04-5C03-425A-8E74-568DB3495F1B}.Release|x64.ActiveCfg = Release|x64
		{A6897E04-5C03-425A-8E74-568DB3495F1B}.Release|x64.Build.0 = Release|x64
		{A6897E04-5C03-425A-8E74-568DB3495F1B}.Release|x86.ActiveCfg = Release|Any CPU
		{CA019BDD-3D27-4745-A962-7611ABF54723}.Debug|Any CPU.ActiveCfg = Debug|x86
		{CA019BDD-3D27-4745-A962-7611ABF54723}.Debug|Mixed Platforms.ActiveCfg = Debug|x86
		{CA019BDD-3D27-4745-A962-7611ABF54723}.Debug|Mixed Platforms.Build.0 = Debug|x86
		{CA019BDD-3D27-4745-A962-7611ABF54723}.Debug|x64.ActiveCfg = Debug|x86
		{CA019BDD-3D27-4745-A962-7611ABF54723}.Debug|x86.ActiveCfg = Debug|x86
		{CA019BDD-3D27-4745-A962-7611ABF54723}.Debug|x86.Build.0 = Debug|x86
		{CA019BDD-3D27-4745-A962-7611ABF54723}.Release|Any CPU.ActiveCfg = Release|x86
		{CA019BDD-3D27-4745-A962-7611ABF54723}.Release|Mixed Platforms.ActiveCfg = Release|x86
		{CA019BDD-3D27-4745-A962-7611ABF54723}.Release|Mixed Platforms.Build.0 = Release|x86
		{CA019BDD-3D27-4745-A962-7611ABF54723}.Release|x64.ActiveCfg = Release|x86
		{CA019BDD-3D27-4745-A962-7611ABF54723}.Release|x86.ActiveCfg = Release|x86
		{CA019BDD-3D27-4745-A962-7611ABF54723}.Release|x86.Build.0 = Release|x86
		{4DE8C3DF-0707-488E-8486-07B01F98A194}.Debug|Any CPU.ActiveCfg = Debug|Any CPU
		{4DE8C3DF-0707-488E-8486-07B01F98A194}.Debug|Any CPU.Build.0 = Debug|Any CPU
		{4DE8C3DF-0707-488E-8486-07B01F98A194}.Debug|Mixed Platforms.ActiveCfg = Debug|Any CPU
		{4DE8C3DF-0707-488E-8486-07B01F98A194}.Debug|Mixed Platforms.Build.0 = Debug|Any CPU
		{4DE8C3DF-0707-488E-8486-07B01F98A194}.Debug|x64.ActiveCfg = Debug|x64
		{4DE8C3DF-0707-488E-8486-07B01F98A194}.Debug|x64.Build.0 = Debug|x64
		{4DE8C3DF-0707-488E-8486-07B01F98A194}.Debug|x86.ActiveCfg = Debug|Any CPU
		{4DE8C3DF-0707-488E-8486-07B01F98A194}.Release|Any CPU.ActiveCfg = Release|Any CPU
		{4DE8C3DF-0707-488E-8486-07B01F98A194}.Release|Any CPU.Build.0 = Release|Any CPU
		{4DE8C3DF-0707-488E-8486-07B01F98A194}.Release|Mixed Platforms.ActiveCfg = Release|Any CPU
		{4DE8C3DF-0707-488E-8486-07B01F98A194}.Release|Mixed Platforms.Build.0 = Release|Any CPU
		{4DE8C3DF-0707-488E-8486-07B01F98A194}.Release|x64.ActiveCfg = Release|x64
		{4DE8C3DF-0707-488E-8486-07B01F98A194}.Release|x64.Build.0 = Release|x64
		{4DE8C3DF-0707-488E-8486-07B01F98A194}.Release|x86.ActiveCfg = Release|Any CPU
		{E4E31276-5EDA-4061-8B2F-22D6937EF808}.Debug|Any CPU.ActiveCfg = Debug|Any CPU
		{E4E31276-5EDA-4061-8B2F-22D6937EF808}.Debug|Any CPU.Build.0 = Debug|Any CPU
		{E4E31276-5EDA-4061-8B2F-22D6937EF808}.Debug|Mixed Platforms.ActiveCfg = Debug|Any CPU
		{E4E31276-5EDA-4061-8B2F-22D6937EF808}.Debug|Mixed Platforms.Build.0 = Debug|Any CPU
		{E4E31276-5EDA-4061-8B2F-22D6937EF808}.Debug|x64.ActiveCfg = Debug|x64
		{E4E31276-5EDA-4061-8B2F-22D6937EF808}.Debug|x64.Build.0 = Debug|x64
		{E4E31276-5EDA-4061-8B2F-22D6937EF808}.Debug|x86.ActiveCfg = Debug|Any CPU
		{E4E31276-5EDA-4061-8B2F-22D6937EF808}.Release|Any CPU.ActiveCfg = Release|Any CPU
		{E4E31276-5EDA-4061-8B2F-22D6937EF808}.Release|Any CPU.Build.0 = Release|Any CPU
		{E4E31276-5EDA-4061-8B2F-22D6937EF808}.Release|Mixed Platforms.ActiveCfg = Release|Any CPU
		{E4E31276-5EDA-4061-8B2F-22D6937EF808}.Release|Mixed Platforms.Build.0 = Release|Any CPU
		{E4E31276-5EDA-4061-8B2F-22D6937EF808}.Release|x64.ActiveCfg = Release|x64
		{E4E31276-5EDA-4061-8B2F-22D6937EF808}.Release|x64.Build.0 = Release|x64
		{E4E31276-5EDA-4061-8B2F-22D6937EF808}.Release|x86.ActiveCfg = Release|Any CPU
		{FD8A650C-8A00-48CC-A166-F4F103110A3F}.Debug|Any CPU.ActiveCfg = Debug|Any CPU
		{FD8A650C-8A00-48CC-A166-F4F103110A3F}.Debug|Any CPU.Build.0 = Debug|Any CPU
		{FD8A650C-8A00-48CC-A166-F4F103110A3F}.Debug|Mixed Platforms.ActiveCfg = Debug|Any CPU
		{FD8A650C-8A00-48CC-A166-F4F103110A3F}.Debug|Mixed Platforms.Build.0 = Debug|Any CPU
		{FD8A650C-8A00-48CC-A166-F4F103110A3F}.Debug|x64.ActiveCfg = Debug|x64
		{FD8A650C-8A00-48CC-A166-F4F103110A3F}.Debug|x64.Build.0 = Debug|x64
		{FD8A650C-8A00-48CC-A166-F4F103110A3F}.Debug|x86.ActiveCfg = Debug|Any CPU
		{FD8A650C-8A00-48CC-A166-F4F103110A3F}.Release|Any CPU.ActiveCfg = Release|Any CPU
		{FD8A650C-8A00-48CC-A166-F4F103110A3F}.Release|Any CPU.Build.0 = Release|Any CPU
		{FD8A650C-8A00-48CC-A166-F4F103110A3F}.Release|Mixed Platforms.ActiveCfg = Release|Any CPU
		{FD8A650C-8A00-48CC-A166-F4F103110A3F}.Release|Mixed Platforms.Build.0 = Release|Any CPU
		{FD8A650C-8A00-48CC-A166-F4F103110A3F}.Release|x64.ActiveCfg = Release|x64
		{FD8A650C-8A00-48CC-A166-F4F103110A3F}.Release|x64.Build.0 = Release|x64
		{FD8A650C-8A00-48CC-A166-F4F103110A3F}.Release|x86.ActiveCfg = Release|Any CPU
		{81F0B490-CD0D-4B45-BB7A-4FDE447B939D}.Debug|Any CPU.ActiveCfg = Debug|Any CPU
		{81F0B490-CD0D-4B45-BB7A-4FDE447B939D}.Debug|Any CPU.Build.0 = Debug|Any CPU
		{81F0B490-CD0D-4B45-BB7A-4FDE447B939D}.Debug|Mixed Platforms.ActiveCfg = Debug|Any CPU
		{81F0B490-CD0D-4B45-BB7A-4FDE447B939D}.Debug|Mixed Platforms.Build.0 = Debug|Any CPU
		{81F0B490-CD0D-4B45-BB7A-4FDE447B939D}.Debug|x64.ActiveCfg = Debug|x64
		{81F0B490-CD0D-4B45-BB7A-4FDE447B939D}.Debug|x64.Build.0 = Debug|x64
		{81F0B490-CD0D-4B45-BB7A-4FDE447B939D}.Debug|x86.ActiveCfg = Debug|Any CPU
		{81F0B490-CD0D-4B45-BB7A-4FDE447B939D}.Release|Any CPU.ActiveCfg = Release|Any CPU
		{81F0B490-CD0D-4B45-BB7A-4FDE447B939D}.Release|Any CPU.Build.0 = Release|Any CPU
		{81F0B490-CD0D-4B45-BB7A-4FDE447B939D}.Release|Mixed Platforms.ActiveCfg = Release|Any CPU
		{81F0B490-CD0D-4B45-BB7A-4FDE447B939D}.Release|Mixed Platforms.Build.0 = Release|Any CPU
		{81F0B490-CD0D-4B45-BB7A-4FDE447B939D}.Release|x64.ActiveCfg = Release|x64
		{81F0B490-CD0D-4B45-BB7A-4FDE447B939D}.Release|x64.Build.0 = Release|x64
		{81F0B490-CD0D-4B45-BB7A-4FDE447B939D}.Release|x86.ActiveCfg = Release|Any CPU
	EndGlobalSection
	GlobalSection(SolutionProperties) = preSolution
		HideSolutionNode = FALSE
	EndGlobalSection
	GlobalSection(NestedProjects) = preSolution
		{4FF07BA8-51D3-46AF-AC8C-3BD4E70DC9A9} = {6C873590-2B74-49D1-AE77-52580E092668}
		{EAE0C351-7C47-48E3-A4AF-B8395293E171} = {6C873590-2B74-49D1-AE77-52580E092668}
		{22634E60-D05D-494E-839F-8BB4F4439529} = {6C873590-2B74-49D1-AE77-52580E092668}
		{55DE94B6-F1F1-47D8-A324-8192E8AD5B8C} = {6C873590-2B74-49D1-AE77-52580E092668}
		{9DCFB40E-E8AE-45C1-B3DC-E942AB72E39D} = {6C873590-2B74-49D1-AE77-52580E092668}
		{D9579462-BAAB-4B92-870B-8FD6FC74B919} = {4FF07BA8-51D3-46AF-AC8C-3BD4E70DC9A9}
		{099D2CB0-A232-431D-9F4B-2A901DBD7A10} = {4FF07BA8-51D3-46AF-AC8C-3BD4E70DC9A9}
		{76FD408C-F17E-41BE-A75F-63EDA0C3F2CF} = {4FF07BA8-51D3-46AF-AC8C-3BD4E70DC9A9}
		{8257F620-2E35-4493-9F9C-7E2C4E440F28} = {4FF07BA8-51D3-46AF-AC8C-3BD4E70DC9A9}
		{E4E31276-5EDA-4061-8B2F-22D6937EF808} = {4FF07BA8-51D3-46AF-AC8C-3BD4E70DC9A9}
		{7ADE092A-D1D1-426A-90D3-C46C01E572E9} = {1532289F-146E-4AA8-A565-C73AE7F2086D}
		{390D86C2-5C3F-43F1-A409-261D2079098A} = {1532289F-146E-4AA8-A565-C73AE7F2086D}
		{031CBBEE-414C-4B3F-A350-A14A13F2DA03} = {097FF5C7-DE07-47ED-BD6D-2FDA730C6B30}
		{B707CD34-1427-451A-94C6-1F39B9ACD36E} = {031CBBEE-414C-4B3F-A350-A14A13F2DA03}
		{ECD46A02-CE79-4BD8-8B94-D4105C3F53B9} = {031CBBEE-414C-4B3F-A350-A14A13F2DA03}
		{4C5127A4-D354-4016-BD63-226C3957A813} = {031CBBEE-414C-4B3F-A350-A14A13F2DA03}
		{7DD2F03D-31F4-4B60-99F8-874C0BFE8872} = {031CBBEE-414C-4B3F-A350-A14A13F2DA03}
		{D83892D3-14DD-42CB-9D9D-BA8B807A0858} = {031CBBEE-414C-4B3F-A350-A14A13F2DA03}
		{5C4CB866-22BA-4866-9DBC-B1AA4ECC8FBE} = {B707CD34-1427-451A-94C6-1F39B9ACD36E}
		{E5DECF06-AD03-44D9-8D82-F86A6E6297A4} = {B707CD34-1427-451A-94C6-1F39B9ACD36E}
		{0DBCD443-E52C-4F09-80BA-76AE824F588B} = {B707CD34-1427-451A-94C6-1F39B9ACD36E}
		{4DE8C3DF-0707-488E-8486-07B01F98A194} = {B707CD34-1427-451A-94C6-1F39B9ACD36E}
		{81F0B490-CD0D-4B45-BB7A-4FDE447B939D} = {B707CD34-1427-451A-94C6-1F39B9ACD36E}
		{32D87440-24ED-4960-A91F-039872B3CB5C} = {29A83EE9-9D84-4D62-BB63-D6B05E7EDFFA}
		{FD8A650C-8A00-48CC-A166-F4F103110A3F} = {29A83EE9-9D84-4D62-BB63-D6B05E7EDFFA}
		{90DAE4FC-F636-4FBE-98F9-62A88AA1FA46} = {9023B037-561F-4ED1-A19C-3F5161C121A2}
		{A6897E04-5C03-425A-8E74-568DB3495F1B} = {9023B037-561F-4ED1-A19C-3F5161C121A2}
	EndGlobalSection
EndGlobal
